
Microsoft Visual Studio Solution File, Format Version 12.00
# Visual Studio Version 16
VisualStudioVersion = 16.0.32413.511
MinimumVisualStudioVersion = 10.0.40219.1
Project("{FAE04EC0-301F-11D3-BF4B-00C04F79EFBC}") = "UserInput", "UserInput\UserInput.csproj", "{B20F68D1-1540-4C85-88B6-CE06AE721130}"
EndProject
Global
	GlobalSection(SolutionConfigurationPlatforms) = preSolution
		Debug|Any CPU = Debug|Any CPU
		Release|Any CPU = Release|Any CPU
	EndGlobalSection
	GlobalSection(ProjectConfigurationPlatforms) = postSolution
		{B20F68D1-1540-4C85-88B6-CE06AE721130}.Debug|Any CPU.ActiveCfg = Debug|Any CPU
		{B20F68D1-1540-4C85-88B6-CE06AE721130}.Debug|Any CPU.Build.0 = Debug|Any CPU
		{B20F68D1-1540-4C85-88B6-CE06AE721130}.Release|Any CPU.ActiveCfg = Release|Any CPU
		{B20F68D1-1540-4C85-88B6-CE06AE721130}.Release|Any CPU.Build.0 = Release|Any CPU
	EndGlobalSection
	GlobalSection(SolutionProperties) = preSolution
		HideSolutionNode = FALSE
	EndGlobalSection
	GlobalSection(ExtensibilityGlobals) = postSolution
		SolutionGuid = {546101CA-9007-4435-BB5C-AE79171C1B4C}
	EndGlobalSection
EndGlobal
