
Microsoft Visual Studio Solution File, Format Version 12.00
# Visual Studio Version 16
VisualStudioVersion = 16.0.32413.511
MinimumVisualStudioVersion = 10.0.40219.1
Project("{FAE04EC0-301F-11D3-BF4B-00C04F79EFBC}") = "Variables", "Variables\Variables.csproj", "{8DA04372-12DA-4466-9B9F-4047931D609B}"
EndProject
Global
	GlobalSection(SolutionConfigurationPlatforms) = preSolution
		Debug|Any CPU = Debug|Any CPU
		Release|Any CPU = Release|Any CPU
	EndGlobalSection
	GlobalSection(ProjectConfigurationPlatforms) = postSolution
		{8DA04372-12DA-4466-9B9F-4047931D609B}.Debug|Any CPU.ActiveCfg = Debug|Any CPU
		{8DA04372-12DA-4466-9B9F-4047931D609B}.Debug|Any CPU.Build.0 = Debug|Any CPU
		{8DA04372-12DA-4466-9B9F-4047931D609B}.Release|Any CPU.ActiveCfg = Release|Any CPU
		{8DA04372-12DA-4466-9B9F-4047931D609B}.Release|Any CPU.Build.0 = Release|Any CPU
	EndGlobalSection
	GlobalSection(SolutionProperties) = preSolution
		HideSolutionNode = FALSE
	EndGlobalSection
	GlobalSection(ExtensibilityGlobals) = postSolution
		SolutionGuid = {9AD8E737-D0DE-49D5-84F7-5500EE12DE4A}
	EndGlobalSection
EndGlobal
